// !$*UTF8*$!
{
	archiveVersion = 1;
	classes = {
	};
	objectVersion = 46;
	objects = {

/* Begin PBXBuildFile section */
		460F90B41F5C83EB000AC280 /* DashboardViewController+Search.swift in Sources */ = {isa = PBXBuildFile; fileRef = 460F90B31F5C83EB000AC280 /* DashboardViewController+Search.swift */; };
		4635622D1F5320020088119C /* AppDelegate.swift in Sources */ = {isa = PBXBuildFile; fileRef = 4635622C1F5320020088119C /* AppDelegate.swift */; };
		4635622F1F5320020088119C /* DashboardViewController.swift in Sources */ = {isa = PBXBuildFile; fileRef = 4635622E1F5320020088119C /* DashboardViewController.swift */; };
		463562321F5320020088119C /* Main.storyboard in Resources */ = {isa = PBXBuildFile; fileRef = 463562301F5320020088119C /* Main.storyboard */; };
		463562341F5320020088119C /* Assets.xcassets in Resources */ = {isa = PBXBuildFile; fileRef = 463562331F5320020088119C /* Assets.xcassets */; };
		463562371F5320020088119C /* LaunchScreen.storyboard in Resources */ = {isa = PBXBuildFile; fileRef = 463562351F5320020088119C /* LaunchScreen.storyboard */; };
		463562421F5320020088119C /* GIFSearchTests.swift in Sources */ = {isa = PBXBuildFile; fileRef = 463562411F5320020088119C /* GIFSearchTests.swift */; };
		4635624D1F5322430088119C /* DashboardViewModel.swift in Sources */ = {isa = PBXBuildFile; fileRef = 4635624C1F5322430088119C /* DashboardViewModel.swift */; };
		4635625F1F546F070088119C /* APIKey.swift in Sources */ = {isa = PBXBuildFile; fileRef = 4635625E1F546F070088119C /* APIKey.swift */; };
		463562851F5627590088119C /* GiphyKit.framework in Frameworks */ = {isa = PBXBuildFile; fileRef = 4635627C1F5627590088119C /* GiphyKit.framework */; };
		4635628C1F5627590088119C /* GiphyKitTests.swift in Sources */ = {isa = PBXBuildFile; fileRef = 4635628B1F5627590088119C /* GiphyKitTests.swift */; };
		4635628E1F56275A0088119C /* GiphyKit.h in Headers */ = {isa = PBXBuildFile; fileRef = 4635627E1F5627590088119C /* GiphyKit.h */; settings = {ATTRIBUTES = (Public, ); }; };
		463562911F56275A0088119C /* GiphyKit.framework in Frameworks */ = {isa = PBXBuildFile; fileRef = 4635627C1F5627590088119C /* GiphyKit.framework */; };
		463562921F56275A0088119C /* GiphyKit.framework in Embed Frameworks */ = {isa = PBXBuildFile; fileRef = 4635627C1F5627590088119C /* GiphyKit.framework */; settings = {ATTRIBUTES = (CodeSignOnCopy, RemoveHeadersOnCopy, ); }; };
		463562AD1F5627960088119C /* ErrorCode.swift in Sources */ = {isa = PBXBuildFile; fileRef = 463562A41F5627960088119C /* ErrorCode.swift */; };
		463562AE1F5627960088119C /* Formatters.swift in Sources */ = {isa = PBXBuildFile; fileRef = 463562A51F5627960088119C /* Formatters.swift */; };
		463562AF1F5627960088119C /* GIF.swift in Sources */ = {isa = PBXBuildFile; fileRef = 463562A61F5627960088119C /* GIF.swift */; };
		463562B01F5627960088119C /* Rating.swift in Sources */ = {isa = PBXBuildFile; fileRef = 463562A71F5627960088119C /* Rating.swift */; };
		463562B11F5627960088119C /* Rendition.swift in Sources */ = {isa = PBXBuildFile; fileRef = 463562A81F5627960088119C /* Rendition.swift */; };
		463562B21F5627960088119C /* RenditionDesignation.swift in Sources */ = {isa = PBXBuildFile; fileRef = 463562A91F5627960088119C /* RenditionDesignation.swift */; };
		463562B31F5627960088119C /* RenditionFile.swift in Sources */ = {isa = PBXBuildFile; fileRef = 463562AA1F5627960088119C /* RenditionFile.swift */; };
		463562B41F5627960088119C /* RenditionFileType+Keys.swift in Sources */ = {isa = PBXBuildFile; fileRef = 463562AB1F5627960088119C /* RenditionFileType+Keys.swift */; };
		463562B51F5627960088119C /* RenditionFileType.swift in Sources */ = {isa = PBXBuildFile; fileRef = 463562AC1F5627960088119C /* RenditionFileType.swift */; };
		463562BA1F5628500088119C /* GiphySearchClient.swift in Sources */ = {isa = PBXBuildFile; fileRef = 463562B91F5628500088119C /* GiphySearchClient.swift */; };
		463562BC1F5639A50088119C /* LanguageCode.swift in Sources */ = {isa = PBXBuildFile; fileRef = 463562BB1F5639A50088119C /* LanguageCode.swift */; };
		463562C01F5653BF0088119C /* DashboardViewModel+CollectionView.swift in Sources */ = {isa = PBXBuildFile; fileRef = 463562BF1F5653BF0088119C /* DashboardViewModel+CollectionView.swift */; };
		46ECAA771F572903003D7564 /* GIFCollectionViewCell.swift in Sources */ = {isa = PBXBuildFile; fileRef = 46ECAA761F572903003D7564 /* GIFCollectionViewCell.swift */; };
		46ECAA7A1F573247003D7564 /* SpeechController.swift in Sources */ = {isa = PBXBuildFile; fileRef = 46ECAA791F573247003D7564 /* SpeechController.swift */; };
		46ECAAB41F5A0ECB003D7564 /* UIImage+GIF.swift in Sources */ = {isa = PBXBuildFile; fileRef = 46ECAAB31F5A0ECB003D7564 /* UIImage+GIF.swift */; };
		46ECAAB61F5BC3F1003D7564 /* gcd.swift in Sources */ = {isa = PBXBuildFile; fileRef = 46ECAAB51F5BC3F1003D7564 /* gcd.swift */; };
/* End PBXBuildFile section */

/* Begin PBXContainerItemProxy section */
		4635623E1F5320020088119C /* PBXContainerItemProxy */ = {
			isa = PBXContainerItemProxy;
			containerPortal = 463562211F5320020088119C /* Project object */;
			proxyType = 1;
			remoteGlobalIDString = 463562281F5320020088119C;
			remoteInfo = GIFSearch;
		};
		463562861F5627590088119C /* PBXContainerItemProxy */ = {
			isa = PBXContainerItemProxy;
			containerPortal = 463562211F5320020088119C /* Project object */;
			proxyType = 1;
			remoteGlobalIDString = 4635627B1F5627590088119C;
			remoteInfo = GiphyKit;
		};
		463562881F5627590088119C /* PBXContainerItemProxy */ = {
			isa = PBXContainerItemProxy;
			containerPortal = 463562211F5320020088119C /* Project object */;
			proxyType = 1;
			remoteGlobalIDString = 463562281F5320020088119C;
			remoteInfo = GIFSearch;
		};
		4635628F1F56275A0088119C /* PBXContainerItemProxy */ = {
			isa = PBXContainerItemProxy;
			containerPortal = 463562211F5320020088119C /* Project object */;
			proxyType = 1;
			remoteGlobalIDString = 4635627B1F5627590088119C;
			remoteInfo = GiphyKit;
		};
/* End PBXContainerItemProxy section */

/* Begin PBXCopyFilesBuildPhase section */
		463562961F56275A0088119C /* Embed Frameworks */ = {
			isa = PBXCopyFilesBuildPhase;
			buildActionMask = 2147483647;
			dstPath = "";
			dstSubfolderSpec = 10;
			files = (
				463562921F56275A0088119C /* GiphyKit.framework in Embed Frameworks */,
			);
			name = "Embed Frameworks";
			runOnlyForDeploymentPostprocessing = 0;
		};
/* End PBXCopyFilesBuildPhase section */

/* Begin PBXFileReference section */
		460F90B31F5C83EB000AC280 /* DashboardViewController+Search.swift */ = {isa = PBXFileReference; fileEncoding = 4; lastKnownFileType = sourcecode.swift; name = "DashboardViewController+Search.swift"; path = "Controllers/ViewControllers/DashboardViewController+Search.swift"; sourceTree = "<group>"; };
		463562291F5320020088119C /* GIFSearch.app */ = {isa = PBXFileReference; explicitFileType = wrapper.application; includeInIndex = 0; path = GIFSearch.app; sourceTree = BUILT_PRODUCTS_DIR; };
		4635622C1F5320020088119C /* AppDelegate.swift */ = {isa = PBXFileReference; lastKnownFileType = sourcecode.swift; path = AppDelegate.swift; sourceTree = "<group>"; };
		4635622E1F5320020088119C /* DashboardViewController.swift */ = {isa = PBXFileReference; lastKnownFileType = sourcecode.swift; path = DashboardViewController.swift; sourceTree = "<group>"; };
		463562311F5320020088119C /* Base */ = {isa = PBXFileReference; lastKnownFileType = file.storyboard; name = Base; path = Base.lproj/Main.storyboard; sourceTree = "<group>"; };
		463562331F5320020088119C /* Assets.xcassets */ = {isa = PBXFileReference; lastKnownFileType = folder.assetcatalog; path = Assets.xcassets; sourceTree = "<group>"; };
		463562361F5320020088119C /* Base */ = {isa = PBXFileReference; lastKnownFileType = file.storyboard; name = Base; path = Base.lproj/LaunchScreen.storyboard; sourceTree = "<group>"; };
		463562381F5320020088119C /* Info.plist */ = {isa = PBXFileReference; lastKnownFileType = text.plist.xml; path = Info.plist; sourceTree = "<group>"; };
		4635623D1F5320020088119C /* GIFSearchTests.xctest */ = {isa = PBXFileReference; explicitFileType = wrapper.cfbundle; includeInIndex = 0; path = GIFSearchTests.xctest; sourceTree = BUILT_PRODUCTS_DIR; };
		463562411F5320020088119C /* GIFSearchTests.swift */ = {isa = PBXFileReference; lastKnownFileType = sourcecode.swift; path = GIFSearchTests.swift; sourceTree = "<group>"; };
		463562431F5320020088119C /* Info.plist */ = {isa = PBXFileReference; lastKnownFileType = text.plist.xml; path = Info.plist; sourceTree = "<group>"; };
		4635624C1F5322430088119C /* DashboardViewModel.swift */ = {isa = PBXFileReference; fileEncoding = 4; lastKnownFileType = sourcecode.swift; name = DashboardViewModel.swift; path = ViewModel/DashboardViewModel.swift; sourceTree = "<group>"; };
		4635625E1F546F070088119C /* APIKey.swift */ = {isa = PBXFileReference; fileEncoding = 4; lastKnownFileType = sourcecode.swift; name = APIKey.swift; path = Model/APIKey.swift; sourceTree = "<group>"; };
		4635627C1F5627590088119C /* GiphyKit.framework */ = {isa = PBXFileReference; explicitFileType = wrapper.framework; includeInIndex = 0; path = GiphyKit.framework; sourceTree = BUILT_PRODUCTS_DIR; };
		4635627E1F5627590088119C /* GiphyKit.h */ = {isa = PBXFileReference; lastKnownFileType = sourcecode.c.h; path = GiphyKit.h; sourceTree = "<group>"; };
		4635627F1F5627590088119C /* Info.plist */ = {isa = PBXFileReference; lastKnownFileType = text.plist.xml; path = Info.plist; sourceTree = "<group>"; };
		463562841F5627590088119C /* GiphyKitTests.xctest */ = {isa = PBXFileReference; explicitFileType = wrapper.cfbundle; includeInIndex = 0; path = GiphyKitTests.xctest; sourceTree = BUILT_PRODUCTS_DIR; };
		4635628B1F5627590088119C /* GiphyKitTests.swift */ = {isa = PBXFileReference; lastKnownFileType = sourcecode.swift; path = GiphyKitTests.swift; sourceTree = "<group>"; };
		4635628D1F5627590088119C /* Info.plist */ = {isa = PBXFileReference; lastKnownFileType = text.plist.xml; path = Info.plist; sourceTree = "<group>"; };
		463562A41F5627960088119C /* ErrorCode.swift */ = {isa = PBXFileReference; fileEncoding = 4; lastKnownFileType = sourcecode.swift; path = ErrorCode.swift; sourceTree = "<group>"; };
		463562A51F5627960088119C /* Formatters.swift */ = {isa = PBXFileReference; fileEncoding = 4; lastKnownFileType = sourcecode.swift; path = Formatters.swift; sourceTree = "<group>"; };
		463562A61F5627960088119C /* GIF.swift */ = {isa = PBXFileReference; fileEncoding = 4; lastKnownFileType = sourcecode.swift; path = GIF.swift; sourceTree = "<group>"; };
		463562A71F5627960088119C /* Rating.swift */ = {isa = PBXFileReference; fileEncoding = 4; lastKnownFileType = sourcecode.swift; path = Rating.swift; sourceTree = "<group>"; };
		463562A81F5627960088119C /* Rendition.swift */ = {isa = PBXFileReference; fileEncoding = 4; lastKnownFileType = sourcecode.swift; path = Rendition.swift; sourceTree = "<group>"; };
		463562A91F5627960088119C /* RenditionDesignation.swift */ = {isa = PBXFileReference; fileEncoding = 4; lastKnownFileType = sourcecode.swift; path = RenditionDesignation.swift; sourceTree = "<group>"; };
		463562AA1F5627960088119C /* RenditionFile.swift */ = {isa = PBXFileReference; fileEncoding = 4; lastKnownFileType = sourcecode.swift; path = RenditionFile.swift; sourceTree = "<group>"; };
		463562AB1F5627960088119C /* RenditionFileType+Keys.swift */ = {isa = PBXFileReference; fileEncoding = 4; lastKnownFileType = sourcecode.swift; path = "RenditionFileType+Keys.swift"; sourceTree = "<group>"; };
		463562AC1F5627960088119C /* RenditionFileType.swift */ = {isa = PBXFileReference; fileEncoding = 4; lastKnownFileType = sourcecode.swift; path = RenditionFileType.swift; sourceTree = "<group>"; };
		463562B91F5628500088119C /* GiphySearchClient.swift */ = {isa = PBXFileReference; fileEncoding = 4; lastKnownFileType = sourcecode.swift; path = GiphySearchClient.swift; sourceTree = "<group>"; };
		463562BB1F5639A50088119C /* LanguageCode.swift */ = {isa = PBXFileReference; fileEncoding = 4; lastKnownFileType = sourcecode.swift; path = LanguageCode.swift; sourceTree = "<group>"; };
		463562BF1F5653BF0088119C /* DashboardViewModel+CollectionView.swift */ = {isa = PBXFileReference; fileEncoding = 4; lastKnownFileType = sourcecode.swift; name = "DashboardViewModel+CollectionView.swift"; path = "ViewModel/DashboardViewModel+CollectionView.swift"; sourceTree = "<group>"; };
		46ECAA761F572903003D7564 /* GIFCollectionViewCell.swift */ = {isa = PBXFileReference; fileEncoding = 4; lastKnownFileType = sourcecode.swift; name = GIFCollectionViewCell.swift; path = "View/Custom Cells/GIFCollectionViewCell.swift"; sourceTree = "<group>"; };
		46ECAA791F573247003D7564 /* SpeechController.swift */ = {isa = PBXFileReference; fileEncoding = 4; lastKnownFileType = sourcecode.swift; name = SpeechController.swift; path = Controllers/Speech/SpeechController.swift; sourceTree = "<group>"; };
		46ECAAB31F5A0ECB003D7564 /* UIImage+GIF.swift */ = {isa = PBXFileReference; fileEncoding = 4; lastKnownFileType = sourcecode.swift; name = "UIImage+GIF.swift"; path = "Extensions/UIKit/UIImage+GIF.swift"; sourceTree = "<group>"; };
		46ECAAB51F5BC3F1003D7564 /* gcd.swift */ = {isa = PBXFileReference; fileEncoding = 4; lastKnownFileType = sourcecode.swift; name = gcd.swift; path = Math/gcd.swift; sourceTree = "<group>"; };
/* End PBXFileReference section */

/* Begin PBXFrameworksBuildPhase section */
		463562261F5320020088119C /* Frameworks */ = {
			isa = PBXFrameworksBuildPhase;
			buildActionMask = 2147483647;
			files = (
				463562911F56275A0088119C /* GiphyKit.framework in Frameworks */,
			);
			runOnlyForDeploymentPostprocessing = 0;
		};
		4635623A1F5320020088119C /* Frameworks */ = {
			isa = PBXFrameworksBuildPhase;
			buildActionMask = 2147483647;
			files = (
			);
			runOnlyForDeploymentPostprocessing = 0;
		};
		463562781F5627590088119C /* Frameworks */ = {
			isa = PBXFrameworksBuildPhase;
			buildActionMask = 2147483647;
			files = (
			);
			runOnlyForDeploymentPostprocessing = 0;
		};
		463562811F5627590088119C /* Frameworks */ = {
			isa = PBXFrameworksBuildPhase;
			buildActionMask = 2147483647;
			files = (
				463562851F5627590088119C /* GiphyKit.framework in Frameworks */,
			);
			runOnlyForDeploymentPostprocessing = 0;
		};
/* End PBXFrameworksBuildPhase section */

/* Begin PBXGroup section */
		460F90B21F5C8274000AC280 /* Search */ = {
			isa = PBXGroup;
			children = (
			);
			name = Search;
			sourceTree = "<group>";
		};
		463562201F5320020088119C = {
			isa = PBXGroup;
			children = (
				4635622B1F5320020088119C /* GIFSearch */,
				463562401F5320020088119C /* GIFSearchTests */,
				4635627D1F5627590088119C /* GiphyKit */,
				4635628A1F5627590088119C /* GiphyKitTests */,
				4635622A1F5320020088119C /* Products */,
			);
			sourceTree = "<group>";
		};
		4635622A1F5320020088119C /* Products */ = {
			isa = PBXGroup;
			children = (
				463562291F5320020088119C /* GIFSearch.app */,
				4635623D1F5320020088119C /* GIFSearchTests.xctest */,
				4635627C1F5627590088119C /* GiphyKit.framework */,
				463562841F5627590088119C /* GiphyKitTests.xctest */,
			);
			name = Products;
			sourceTree = "<group>";
		};
		4635622B1F5320020088119C /* GIFSearch */ = {
			isa = PBXGroup;
			children = (
				4635622C1F5320020088119C /* AppDelegate.swift */,
				463562541F5322D00088119C /* App Boilerplate */,
				463562551F5322F20088119C /* Model */,
				463562C11F5659F10088119C /* View */,
				463562511F5322B40088119C /* ViewModel */,
				463562331F5320020088119C /* Assets.xcassets */,
			);
			path = GIFSearch;
			sourceTree = "<group>";
		};
		463562401F5320020088119C /* GIFSearchTests */ = {
			isa = PBXGroup;
			children = (
				463562411F5320020088119C /* GIFSearchTests.swift */,
				463562431F5320020088119C /* Info.plist */,
			);
			path = GIFSearchTests;
			sourceTree = "<group>";
		};
		463562501F5322860088119C /* Controllers */ = {
			isa = PBXGroup;
			children = (
				463562531F5322C40088119C /* View Controllers */,
				46ECAA7B1F57324C003D7564 /* Speech */,
				460F90B21F5C8274000AC280 /* Search */,
			);
			name = Controllers;
			sourceTree = "<group>";
		};
		463562511F5322B40088119C /* ViewModel */ = {
			isa = PBXGroup;
			children = (
				4635624C1F5322430088119C /* DashboardViewModel.swift */,
				463562BF1F5653BF0088119C /* DashboardViewModel+CollectionView.swift */,
			);
			name = ViewModel;
			sourceTree = "<group>";
		};
		463562531F5322C40088119C /* View Controllers */ = {
			isa = PBXGroup;
			children = (
				4635622E1F5320020088119C /* DashboardViewController.swift */,
				460F90B31F5C83EB000AC280 /* DashboardViewController+Search.swift */,
				463562301F5320020088119C /* Main.storyboard */,
			);
			name = "View Controllers";
			sourceTree = "<group>";
		};
		463562541F5322D00088119C /* App Boilerplate */ = {
			isa = PBXGroup;
			children = (
				463562351F5320020088119C /* LaunchScreen.storyboard */,
				463562381F5320020088119C /* Info.plist */,
			);
			name = "App Boilerplate";
			sourceTree = "<group>";
		};
		463562551F5322F20088119C /* Model */ = {
			isa = PBXGroup;
			children = (
				4635625E1F546F070088119C /* APIKey.swift */,
			);
			name = Model;
			sourceTree = "<group>";
		};
		4635627D1F5627590088119C /* GiphyKit */ = {
			isa = PBXGroup;
			children = (
				4635627E1F5627590088119C /* GiphyKit.h */,
				46ECAAB31F5A0ECB003D7564 /* UIImage+GIF.swift */,
				46ECAAB51F5BC3F1003D7564 /* gcd.swift */,
				463562B81F5628500088119C /* Controllers */,
				463562A31F5627960088119C /* Model */,
				4635627F1F5627590088119C /* Info.plist */,
			);
			path = GiphyKit;
			sourceTree = "<group>";
		};
		4635628A1F5627590088119C /* GiphyKitTests */ = {
			isa = PBXGroup;
			children = (
				4635628B1F5627590088119C /* GiphyKitTests.swift */,
				4635628D1F5627590088119C /* Info.plist */,
			);
			path = GiphyKitTests;
			sourceTree = "<group>";
		};
		463562A31F5627960088119C /* Model */ = {
			isa = PBXGroup;
			children = (
				463562A41F5627960088119C /* ErrorCode.swift */,
				463562A51F5627960088119C /* Formatters.swift */,
				463562A61F5627960088119C /* GIF.swift */,
				463562A71F5627960088119C /* Rating.swift */,
				463562A81F5627960088119C /* Rendition.swift */,
				463562A91F5627960088119C /* RenditionDesignation.swift */,
				463562AA1F5627960088119C /* RenditionFile.swift */,
				463562AB1F5627960088119C /* RenditionFileType+Keys.swift */,
				463562AC1F5627960088119C /* RenditionFileType.swift */,
				463562BB1F5639A50088119C /* LanguageCode.swift */,
			);
			path = Model;
			sourceTree = "<group>";
		};
		463562B81F5628500088119C /* Controllers */ = {
			isa = PBXGroup;
			children = (
				463562B91F5628500088119C /* GiphySearchClient.swift */,
			);
			path = Controllers;
			sourceTree = "<group>";
		};
		463562C11F5659F10088119C /* View */ = {
			isa = PBXGroup;
			children = (
				46ECAA781F572907003D7564 /* Custom Cells */,
				463562501F5322860088119C /* Controllers */,
			);
			name = View;
			sourceTree = "<group>";
		};
		46ECAA781F572907003D7564 /* Custom Cells */ = {
			isa = PBXGroup;
			children = (
				46ECAA761F572903003D7564 /* GIFCollectionViewCell.swift */,
			);
			name = "Custom Cells";
			sourceTree = "<group>";
		};
		46ECAA7B1F57324C003D7564 /* Speech */ = {
			isa = PBXGroup;
			children = (
				46ECAA791F573247003D7564 /* SpeechController.swift */,
			);
			name = Speech;
			sourceTree = "<group>";
		};
/* End PBXGroup section */

/* Begin PBXHeadersBuildPhase section */
		463562791F5627590088119C /* Headers */ = {
			isa = PBXHeadersBuildPhase;
			buildActionMask = 2147483647;
			files = (
				4635628E1F56275A0088119C /* GiphyKit.h in Headers */,
			);
			runOnlyForDeploymentPostprocessing = 0;
		};
/* End PBXHeadersBuildPhase section */

/* Begin PBXNativeTarget section */
		463562281F5320020088119C /* GIFSearch */ = {
			isa = PBXNativeTarget;
			buildConfigurationList = 463562461F5320020088119C /* Build configuration list for PBXNativeTarget "GIFSearch" */;
			buildPhases = (
				463562251F5320020088119C /* Sources */,
				463562261F5320020088119C /* Frameworks */,
				463562271F5320020088119C /* Resources */,
				463562961F56275A0088119C /* Embed Frameworks */,
			);
			buildRules = (
			);
			dependencies = (
				463562901F56275A0088119C /* PBXTargetDependency */,
			);
			name = GIFSearch;
			productName = GIFSearch;
			productReference = 463562291F5320020088119C /* GIFSearch.app */;
			productType = "com.apple.product-type.application";
		};
		4635623C1F5320020088119C /* GIFSearchTests */ = {
			isa = PBXNativeTarget;
			buildConfigurationList = 463562491F5320020088119C /* Build configuration list for PBXNativeTarget "GIFSearchTests" */;
			buildPhases = (
				463562391F5320020088119C /* Sources */,
				4635623A1F5320020088119C /* Frameworks */,
				4635623B1F5320020088119C /* Resources */,
			);
			buildRules = (
			);
			dependencies = (
				4635623F1F5320020088119C /* PBXTargetDependency */,
			);
			name = GIFSearchTests;
			productName = GIFSearchTests;
			productReference = 4635623D1F5320020088119C /* GIFSearchTests.xctest */;
			productType = "com.apple.product-type.bundle.unit-test";
		};
		4635627B1F5627590088119C /* GiphyKit */ = {
			isa = PBXNativeTarget;
			buildConfigurationList = 463562931F56275A0088119C /* Build configuration list for PBXNativeTarget "GiphyKit" */;
			buildPhases = (
				463562771F5627590088119C /* Sources */,
				463562781F5627590088119C /* Frameworks */,
				463562791F5627590088119C /* Headers */,
				4635627A1F5627590088119C /* Resources */,
			);
			buildRules = (
			);
			dependencies = (
			);
			name = GiphyKit;
			productName = GiphyKit;
			productReference = 4635627C1F5627590088119C /* GiphyKit.framework */;
			productType = "com.apple.product-type.framework";
		};
		463562831F5627590088119C /* GiphyKitTests */ = {
			isa = PBXNativeTarget;
			buildConfigurationList = 463562971F56275A0088119C /* Build configuration list for PBXNativeTarget "GiphyKitTests" */;
			buildPhases = (
				463562801F5627590088119C /* Sources */,
				463562811F5627590088119C /* Frameworks */,
				463562821F5627590088119C /* Resources */,
			);
			buildRules = (
			);
			dependencies = (
				463562871F5627590088119C /* PBXTargetDependency */,
				463562891F5627590088119C /* PBXTargetDependency */,
			);
			name = GiphyKitTests;
			productName = GiphyKitTests;
			productReference = 463562841F5627590088119C /* GiphyKitTests.xctest */;
			productType = "com.apple.product-type.bundle.unit-test";
		};
/* End PBXNativeTarget section */

/* Begin PBXProject section */
		463562211F5320020088119C /* Project object */ = {
			isa = PBXProject;
			attributes = {
				LastSwiftUpdateCheck = 0830;
				LastUpgradeCheck = 0830;
				ORGANIZATIONNAME = "Moshe Berman";
				TargetAttributes = {
					463562281F5320020088119C = {
						CreatedOnToolsVersion = 8.3.3;
						DevelopmentTeam = HK64RUWW3P;
						ProvisioningStyle = Automatic;
					};
					4635623C1F5320020088119C = {
						CreatedOnToolsVersion = 8.3.3;
						DevelopmentTeam = HK64RUWW3P;
						ProvisioningStyle = Automatic;
						TestTargetID = 463562281F5320020088119C;
					};
					4635627B1F5627590088119C = {
						CreatedOnToolsVersion = 8.3.3;
						DevelopmentTeam = HK64RUWW3P;
						ProvisioningStyle = Automatic;
					};
					463562831F5627590088119C = {
						CreatedOnToolsVersion = 8.3.3;
						DevelopmentTeam = HK64RUWW3P;
						ProvisioningStyle = Automatic;
						TestTargetID = 463562281F5320020088119C;
					};
				};
			};
			buildConfigurationList = 463562241F5320020088119C /* Build configuration list for PBXProject "GIFSearch" */;
			compatibilityVersion = "Xcode 3.2";
			developmentRegion = English;
			hasScannedForEncodings = 0;
			knownRegions = (
				en,
				Base,
			);
			mainGroup = 463562201F5320020088119C;
			productRefGroup = 4635622A1F5320020088119C /* Products */;
			projectDirPath = "";
			projectRoot = "";
			targets = (
				463562281F5320020088119C /* GIFSearch */,
				4635623C1F5320020088119C /* GIFSearchTests */,
				4635627B1F5627590088119C /* GiphyKit */,
				463562831F5627590088119C /* GiphyKitTests */,
			);
		};
/* End PBXProject section */

/* Begin PBXResourcesBuildPhase section */
		463562271F5320020088119C /* Resources */ = {
			isa = PBXResourcesBuildPhase;
			buildActionMask = 2147483647;
			files = (
				463562371F5320020088119C /* LaunchScreen.storyboard in Resources */,
				463562341F5320020088119C /* Assets.xcassets in Resources */,
				463562321F5320020088119C /* Main.storyboard in Resources */,
			);
			runOnlyForDeploymentPostprocessing = 0;
		};
		4635623B1F5320020088119C /* Resources */ = {
			isa = PBXResourcesBuildPhase;
			buildActionMask = 2147483647;
			files = (
			);
			runOnlyForDeploymentPostprocessing = 0;
		};
		4635627A1F5627590088119C /* Resources */ = {
			isa = PBXResourcesBuildPhase;
			buildActionMask = 2147483647;
			files = (
			);
			runOnlyForDeploymentPostprocessing = 0;
		};
		463562821F5627590088119C /* Resources */ = {
			isa = PBXResourcesBuildPhase;
			buildActionMask = 2147483647;
			files = (
			);
			runOnlyForDeploymentPostprocessing = 0;
		};
/* End PBXResourcesBuildPhase section */

/* Begin PBXSourcesBuildPhase section */
		463562251F5320020088119C /* Sources */ = {
			isa = PBXSourcesBuildPhase;
			buildActionMask = 2147483647;
			files = (
				463562C01F5653BF0088119C /* DashboardViewModel+CollectionView.swift in Sources */,
				4635622F1F5320020088119C /* DashboardViewController.swift in Sources */,
				46ECAA771F572903003D7564 /* GIFCollectionViewCell.swift in Sources */,
				4635624D1F5322430088119C /* DashboardViewModel.swift in Sources */,
				4635622D1F5320020088119C /* AppDelegate.swift in Sources */,
				4635625F1F546F070088119C /* APIKey.swift in Sources */,
				460F90B41F5C83EB000AC280 /* DashboardViewController+Search.swift in Sources */,
				46ECAA7A1F573247003D7564 /* SpeechController.swift in Sources */,
			);
			runOnlyForDeploymentPostprocessing = 0;
		};
		463562391F5320020088119C /* Sources */ = {
			isa = PBXSourcesBuildPhase;
			buildActionMask = 2147483647;
			files = (
				463562421F5320020088119C /* GIFSearchTests.swift in Sources */,
			);
			runOnlyForDeploymentPostprocessing = 0;
		};
		463562771F5627590088119C /* Sources */ = {
			isa = PBXSourcesBuildPhase;
			buildActionMask = 2147483647;
			files = (
				463562AE1F5627960088119C /* Formatters.swift in Sources */,
				463562B41F5627960088119C /* RenditionFileType+Keys.swift in Sources */,
				463562B11F5627960088119C /* Rendition.swift in Sources */,
				463562AF1F5627960088119C /* GIF.swift in Sources */,
				46ECAAB41F5A0ECB003D7564 /* UIImage+GIF.swift in Sources */,
				463562BA1F5628500088119C /* GiphySearchClient.swift in Sources */,
				463562BC1F5639A50088119C /* LanguageCode.swift in Sources */,
				463562AD1F5627960088119C /* ErrorCode.swift in Sources */,
				46ECAAB61F5BC3F1003D7564 /* gcd.swift in Sources */,
				463562B31F5627960088119C /* RenditionFile.swift in Sources */,
				463562B21F5627960088119C /* RenditionDesignation.swift in Sources */,
				463562B51F5627960088119C /* RenditionFileType.swift in Sources */,
				463562B01F5627960088119C /* Rating.swift in Sources */,
			);
			runOnlyForDeploymentPostprocessing = 0;
		};
		463562801F5627590088119C /* Sources */ = {
			isa = PBXSourcesBuildPhase;
			buildActionMask = 2147483647;
			files = (
				4635628C1F5627590088119C /* GiphyKitTests.swift in Sources */,
			);
			runOnlyForDeploymentPostprocessing = 0;
		};
/* End PBXSourcesBuildPhase section */

/* Begin PBXTargetDependency section */
		4635623F1F5320020088119C /* PBXTargetDependency */ = {
			isa = PBXTargetDependency;
			target = 463562281F5320020088119C /* GIFSearch */;
			targetProxy = 4635623E1F5320020088119C /* PBXContainerItemProxy */;
		};
		463562871F5627590088119C /* PBXTargetDependency */ = {
			isa = PBXTargetDependency;
			target = 4635627B1F5627590088119C /* GiphyKit */;
			targetProxy = 463562861F5627590088119C /* PBXContainerItemProxy */;
		};
		463562891F5627590088119C /* PBXTargetDependency */ = {
			isa = PBXTargetDependency;
			target = 463562281F5320020088119C /* GIFSearch */;
			targetProxy = 463562881F5627590088119C /* PBXContainerItemProxy */;
		};
		463562901F56275A0088119C /* PBXTargetDependency */ = {
			isa = PBXTargetDependency;
			target = 4635627B1F5627590088119C /* GiphyKit */;
			targetProxy = 4635628F1F56275A0088119C /* PBXContainerItemProxy */;
		};
/* End PBXTargetDependency section */

/* Begin PBXVariantGroup section */
		463562301F5320020088119C /* Main.storyboard */ = {
			isa = PBXVariantGroup;
			children = (
				463562311F5320020088119C /* Base */,
			);
			name = Main.storyboard;
			sourceTree = "<group>";
		};
		463562351F5320020088119C /* LaunchScreen.storyboard */ = {
			isa = PBXVariantGroup;
			children = (
				463562361F5320020088119C /* Base */,
			);
			name = LaunchScreen.storyboard;
			sourceTree = "<group>";
		};
/* End PBXVariantGroup section */

/* Begin XCBuildConfiguration section */
		463562441F5320020088119C /* Debug */ = {
			isa = XCBuildConfiguration;
			buildSettings = {
				ALWAYS_SEARCH_USER_PATHS = NO;
				CLANG_ANALYZER_NONNULL = YES;
				CLANG_ANALYZER_NUMBER_OBJECT_CONVERSION = YES_AGGRESSIVE;
				CLANG_CXX_LANGUAGE_STANDARD = "gnu++0x";
				CLANG_CXX_LIBRARY = "libc++";
				CLANG_ENABLE_MODULES = YES;
				CLANG_ENABLE_OBJC_ARC = YES;
				CLANG_WARN_BOOL_CONVERSION = YES;
				CLANG_WARN_CONSTANT_CONVERSION = YES;
				CLANG_WARN_DIRECT_OBJC_ISA_USAGE = YES_ERROR;
				CLANG_WARN_DOCUMENTATION_COMMENTS = YES;
				CLANG_WARN_EMPTY_BODY = YES;
				CLANG_WARN_ENUM_CONVERSION = YES;
				CLANG_WARN_INFINITE_RECURSION = YES;
				CLANG_WARN_INT_CONVERSION = YES;
				CLANG_WARN_OBJC_ROOT_CLASS = YES_ERROR;
				CLANG_WARN_SUSPICIOUS_MOVE = YES;
				CLANG_WARN_UNREACHABLE_CODE = YES;
				CLANG_WARN__DUPLICATE_METHOD_MATCH = YES;
				"CODE_SIGN_IDENTITY[sdk=iphoneos*]" = "iPhone Developer";
				COPY_PHASE_STRIP = NO;
				DEBUG_INFORMATION_FORMAT = dwarf;
				ENABLE_STRICT_OBJC_MSGSEND = YES;
				ENABLE_TESTABILITY = YES;
				GCC_C_LANGUAGE_STANDARD = gnu99;
				GCC_DYNAMIC_NO_PIC = NO;
				GCC_NO_COMMON_BLOCKS = YES;
				GCC_OPTIMIZATION_LEVEL = 0;
				GCC_PREPROCESSOR_DEFINITIONS = (
					"DEBUG=1",
					"$(inherited)",
				);
				GCC_WARN_64_TO_32_BIT_CONVERSION = YES;
				GCC_WARN_ABOUT_RETURN_TYPE = YES_ERROR;
				GCC_WARN_UNDECLARED_SELECTOR = YES;
				GCC_WARN_UNINITIALIZED_AUTOS = YES_AGGRESSIVE;
				GCC_WARN_UNUSED_FUNCTION = YES;
				GCC_WARN_UNUSED_VARIABLE = YES;
				IPHONEOS_DEPLOYMENT_TARGET = 10.3;
				MTL_ENABLE_DEBUG_INFO = YES;
				ONLY_ACTIVE_ARCH = YES;
				SDKROOT = iphoneos;
				SWIFT_ACTIVE_COMPILATION_CONDITIONS = DEBUG;
				SWIFT_OPTIMIZATION_LEVEL = "-Onone";
				TARGETED_DEVICE_FAMILY = "1,2";
			};
			name = Debug;
		};
		463562451F5320020088119C /* Release */ = {
			isa = XCBuildConfiguration;
			buildSettings = {
				ALWAYS_SEARCH_USER_PATHS = NO;
				CLANG_ANALYZER_NONNULL = YES;
				CLANG_ANALYZER_NUMBER_OBJECT_CONVERSION = YES_AGGRESSIVE;
				CLANG_CXX_LANGUAGE_STANDARD = "gnu++0x";
				CLANG_CXX_LIBRARY = "libc++";
				CLANG_ENABLE_MODULES = YES;
				CLANG_ENABLE_OBJC_ARC = YES;
				CLANG_WARN_BOOL_CONVERSION = YES;
				CLANG_WARN_CONSTANT_CONVERSION = YES;
				CLANG_WARN_DIRECT_OBJC_ISA_USAGE = YES_ERROR;
				CLANG_WARN_DOCUMENTATION_COMMENTS = YES;
				CLANG_WARN_EMPTY_BODY = YES;
				CLANG_WARN_ENUM_CONVERSION = YES;
				CLANG_WARN_INFINITE_RECURSION = YES;
				CLANG_WARN_INT_CONVERSION = YES;
				CLANG_WARN_OBJC_ROOT_CLASS = YES_ERROR;
				CLANG_WARN_SUSPICIOUS_MOVE = YES;
				CLANG_WARN_UNREACHABLE_CODE = YES;
				CLANG_WARN__DUPLICATE_METHOD_MATCH = YES;
				"CODE_SIGN_IDENTITY[sdk=iphoneos*]" = "iPhone Developer";
				COPY_PHASE_STRIP = NO;
				DEBUG_INFORMATION_FORMAT = "dwarf-with-dsym";
				ENABLE_NS_ASSERTIONS = NO;
				ENABLE_STRICT_OBJC_MSGSEND = YES;
				GCC_C_LANGUAGE_STANDARD = gnu99;
				GCC_NO_COMMON_BLOCKS = YES;
				GCC_WARN_64_TO_32_BIT_CONVERSION = YES;
				GCC_WARN_ABOUT_RETURN_TYPE = YES_ERROR;
				GCC_WARN_UNDECLARED_SELECTOR = YES;
				GCC_WARN_UNINITIALIZED_AUTOS = YES_AGGRESSIVE;
				GCC_WARN_UNUSED_FUNCTION = YES;
				GCC_WARN_UNUSED_VARIABLE = YES;
				IPHONEOS_DEPLOYMENT_TARGET = 10.3;
				MTL_ENABLE_DEBUG_INFO = NO;
				SDKROOT = iphoneos;
				SWIFT_OPTIMIZATION_LEVEL = "-Owholemodule";
				TARGETED_DEVICE_FAMILY = "1,2";
				VALIDATE_PRODUCT = YES;
			};
			name = Release;
		};
		463562471F5320020088119C /* Debug */ = {
			isa = XCBuildConfiguration;
			buildSettings = {
				ALWAYS_EMBED_SWIFT_STANDARD_LIBRARIES = YES;
				ASSETCATALOG_COMPILER_APPICON_NAME = AppIcon;
				DEVELOPMENT_TEAM = HK64RUWW3P;
				INFOPLIST_FILE = GIFSearch/Info.plist;
				LD_RUNPATH_SEARCH_PATHS = "$(inherited) @executable_path/Frameworks";
				PRODUCT_BUNDLE_IDENTIFIER = com.mosheberman.GIFSearch;
				PRODUCT_NAME = "$(TARGET_NAME)";
				SWIFT_VERSION = 3.0;
			};
			name = Debug;
		};
		463562481F5320020088119C /* Release */ = {
			isa = XCBuildConfiguration;
			buildSettings = {
				ALWAYS_EMBED_SWIFT_STANDARD_LIBRARIES = YES;
				ASSETCATALOG_COMPILER_APPICON_NAME = AppIcon;
				DEVELOPMENT_TEAM = HK64RUWW3P;
				INFOPLIST_FILE = GIFSearch/Info.plist;
				LD_RUNPATH_SEARCH_PATHS = "$(inherited) @executable_path/Frameworks";
				PRODUCT_BUNDLE_IDENTIFIER = com.mosheberman.GIFSearch;
				PRODUCT_NAME = "$(TARGET_NAME)";
				SWIFT_VERSION = 3.0;
			};
			name = Release;
		};
		4635624A1F5320020088119C /* Debug */ = {
			isa = XCBuildConfiguration;
			buildSettings = {
				ALWAYS_EMBED_SWIFT_STANDARD_LIBRARIES = YES;
				BUNDLE_LOADER = "$(TEST_HOST)";
				DEVELOPMENT_TEAM = HK64RUWW3P;
				INFOPLIST_FILE = GIFSearchTests/Info.plist;
				LD_RUNPATH_SEARCH_PATHS = "$(inherited) @executable_path/Frameworks @loader_path/Frameworks";
				PRODUCT_BUNDLE_IDENTIFIER = com.mosheberman.GIFSearchTests;
				PRODUCT_NAME = "$(TARGET_NAME)";
				SWIFT_VERSION = 3.0;
				TEST_HOST = "$(BUILT_PRODUCTS_DIR)/GIFSearch.app/GIFSearch";
			};
			name = Debug;
		};
		4635624B1F5320020088119C /* Release */ = {
			isa = XCBuildConfiguration;
			buildSettings = {
				ALWAYS_EMBED_SWIFT_STANDARD_LIBRARIES = YES;
				BUNDLE_LOADER = "$(TEST_HOST)";
				DEVELOPMENT_TEAM = HK64RUWW3P;
				INFOPLIST_FILE = GIFSearchTests/Info.plist;
				LD_RUNPATH_SEARCH_PATHS = "$(inherited) @executable_path/Frameworks @loader_path/Frameworks";
				PRODUCT_BUNDLE_IDENTIFIER = com.mosheberman.GIFSearchTests;
				PRODUCT_NAME = "$(TARGET_NAME)";
				SWIFT_VERSION = 3.0;
				TEST_HOST = "$(BUILT_PRODUCTS_DIR)/GIFSearch.app/GIFSearch";
			};
			name = Release;
		};
		463562941F56275A0088119C /* Debug */ = {
			isa = XCBuildConfiguration;
			buildSettings = {
				CODE_SIGN_IDENTITY = "";
				CURRENT_PROJECT_VERSION = 1;
				DEFINES_MODULE = YES;
				DEVELOPMENT_TEAM = HK64RUWW3P;
				DYLIB_COMPATIBILITY_VERSION = 1;
				DYLIB_CURRENT_VERSION = 1;
				DYLIB_INSTALL_NAME_BASE = "@rpath";
				INFOPLIST_FILE = GiphyKit/Info.plist;
				INSTALL_PATH = "$(LOCAL_LIBRARY_DIR)/Frameworks";
				LD_RUNPATH_SEARCH_PATHS = "$(inherited) @executable_path/Frameworks @loader_path/Frameworks";
				PRODUCT_BUNDLE_IDENTIFIER = com.mosheberman.GiphyKit;
				PRODUCT_NAME = "$(TARGET_NAME)";
				SKIP_INSTALL = YES;
				SWIFT_VERSION = 3.0;
				VERSIONING_SYSTEM = "apple-generic";
				VERSION_INFO_PREFIX = "";
			};
			name = Debug;
		};
		463562951F56275A0088119C /* Release */ = {
			isa = XCBuildConfiguration;
			buildSettings = {
				CODE_SIGN_IDENTITY = "";
				CURRENT_PROJECT_VERSION = 1;
				DEFINES_MODULE = YES;
				DEVELOPMENT_TEAM = HK64RUWW3P;
				DYLIB_COMPATIBILITY_VERSION = 1;
				DYLIB_CURRENT_VERSION = 1;
				DYLIB_INSTALL_NAME_BASE = "@rpath";
				INFOPLIST_FILE = GiphyKit/Info.plist;
				INSTALL_PATH = "$(LOCAL_LIBRARY_DIR)/Frameworks";
				LD_RUNPATH_SEARCH_PATHS = "$(inherited) @executable_path/Frameworks @loader_path/Frameworks";
				PRODUCT_BUNDLE_IDENTIFIER = com.mosheberman.GiphyKit;
				PRODUCT_NAME = "$(TARGET_NAME)";
				SKIP_INSTALL = YES;
				SWIFT_VERSION = 3.0;
				VERSIONING_SYSTEM = "apple-generic";
				VERSION_INFO_PREFIX = "";
			};
			name = Release;
		};
		463562981F56275A0088119C /* Debug */ = {
			isa = XCBuildConfiguration;
			buildSettings = {
				ALWAYS_EMBED_SWIFT_STANDARD_LIBRARIES = YES;
				DEVELOPMENT_TEAM = HK64RUWW3P;
				INFOPLIST_FILE = GiphyKitTests/Info.plist;
				LD_RUNPATH_SEARCH_PATHS = "$(inherited) @executable_path/Frameworks @loader_path/Frameworks";
				PRODUCT_BUNDLE_IDENTIFIER = com.mosheberman.GiphyKitTests;
				PRODUCT_NAME = "$(TARGET_NAME)";
				SWIFT_VERSION = 3.0;
				TEST_HOST = "$(BUILT_PRODUCTS_DIR)/GIFSearch.app/GIFSearch";
			};
			name = Debug;
		};
		463562991F56275A0088119C /* Release */ = {
			isa = XCBuildConfiguration;
			buildSettings = {
				ALWAYS_EMBED_SWIFT_STANDARD_LIBRARIES = YES;
				DEVELOPMENT_TEAM = HK64RUWW3P;
				INFOPLIST_FILE = GiphyKitTests/Info.plist;
				LD_RUNPATH_SEARCH_PATHS = "$(inherited) @executable_path/Frameworks @loader_path/Frameworks";
				PRODUCT_BUNDLE_IDENTIFIER = com.mosheberman.GiphyKitTests;
				PRODUCT_NAME = "$(TARGET_NAME)";
				SWIFT_VERSION = 3.0;
				TEST_HOST = "$(BUILT_PRODUCTS_DIR)/GIFSearch.app/GIFSearch";
			};
			name = Release;
		};
/* End XCBuildConfiguration section */

/* Begin XCConfigurationList section */
		463562241F5320020088119C /* Build configuration list for PBXProject "GIFSearch" */ = {
			isa = XCConfigurationList;
			buildConfigurations = (
				463562441F5320020088119C /* Debug */,
				463562451F5320020088119C /* Release */,
			);
			defaultConfigurationIsVisible = 0;
			defaultConfigurationName = Release;
		};
		463562461F5320020088119C /* Build configuration list for PBXNativeTarget "GIFSearch" */ = {
			isa = XCConfigurationList;
			buildConfigurations = (
				463562471F5320020088119C /* Debug */,
				463562481F5320020088119C /* Release */,
			);
			defaultConfigurationIsVisible = 0;
			defaultConfigurationName = Release;
		};
		463562491F5320020088119C /* Build configuration list for PBXNativeTarget "GIFSearchTests" */ = {
			isa = XCConfigurationList;
			buildConfigurations = (
				4635624A1F5320020088119C /* Debug */,
				4635624B1F5320020088119C /* Release */,
			);
			defaultConfigurationIsVisible = 0;
			defaultConfigurationName = Release;
		};
		463562931F56275A0088119C /* Build configuration list for PBXNativeTarget "GiphyKit" */ = {
			isa = XCConfigurationList;
			buildConfigurations = (
				463562941F56275A0088119C /* Debug */,
				463562951F56275A0088119C /* Release */,
			);
			defaultConfigurationIsVisible = 0;
			defaultConfigurationName = Release;
		};
		463562971F56275A0088119C /* Build configuration list for PBXNativeTarget "GiphyKitTests" */ = {
			isa = XCConfigurationList;
			buildConfigurations = (
				463562981F56275A0088119C /* Debug */,
				463562991F56275A0088119C /* Release */,
			);
			defaultConfigurationIsVisible = 0;
			defaultConfigurationName = Release;
		};
/* End XCConfigurationList section */
	};
	rootObject = 463562211F5320020088119C /* Project object */;
}
